
Microsoft Visual Studio Solution File, Format Version 12.00
# Visual Studio Version 17
VisualStudioVersion = 17.4.33213.308
MinimumVisualStudioVersion = 10.0.40219.1
Project("{FAE04EC0-301F-11D3-BF4B-00C04F79EFBC}") = "lab07.Android", "lab07\lab07.Android\lab07.Android.csproj", "{344C97DB-7001-41D3-A1C2-EE8DEA422305}"
EndProject
Project("{FAE04EC0-301F-11D3-BF4B-00C04F79EFBC}") = "lab07.iOS", "lab07\lab07.iOS\lab07.iOS.csproj", "{0ECC22DB-7D98-4D89-9964-84C67A3BCB37}"
EndProject
Project("{FAE04EC0-301F-11D3-BF4B-00C04F79EFBC}") = "lab07", "lab07\lab07\lab07.csproj", "{D8F6426A-5828-4530-B4D4-A6DDF376E14F}"
EndProject
Global
	GlobalSection(SolutionConfigurationPlatforms) = preSolution
		Debug|Any CPU = Debug|Any CPU
		Debug|iPhone = Debug|iPhone
		Debug|iPhoneSimulator = Debug|iPhoneSimulator
		Release|Any CPU = Release|Any CPU
		Release|iPhone = Release|iPhone
		Release|iPhoneSimulator = Release|iPhoneSimulator
	EndGlobalSection
	GlobalSection(ProjectConfigurationPlatforms) = postSolution
		{344C97DB-7001-41D3-A1C2-EE8DEA422305}.Debug|Any CPU.ActiveCfg = Debug|Any CPU
		{344C97DB-7001-41D3-A1C2-EE8DEA422305}.Debug|Any CPU.Build.0 = Debug|Any CPU
		{344C97DB-7001-41D3-A1C2-EE8DEA422305}.Debug|Any CPU.Deploy.0 = Debug|Any CPU
		{344C97DB-7001-41D3-A1C2-EE8DEA422305}.Debug|iPhone.ActiveCfg = Debug|Any CPU
		{344C97DB-7001-41D3-A1C2-EE8DEA422305}.Debug|iPhone.Build.0 = Debug|Any CPU
		{344C97DB-7001-41D3-A1C2-EE8DEA422305}.Debug|iPhone.Deploy.0 = Debug|Any CPU
		{344C97DB-7001-41D3-A1C2-EE8DEA422305}.Debug|iPhoneSimulator.ActiveCfg = Debug|Any CPU
		{344C97DB-7001-41D3-A1C2-EE8DEA422305}.Debug|iPhoneSimulator.Build.0 = Debug|Any CPU
		{344C97DB-7001-41D3-A1C2-EE8DEA422305}.Debug|iPhoneSimulator.Deploy.0 = Debug|Any CPU
		{344C97DB-7001-41D3-A1C2-EE8DEA422305}.Release|Any CPU.ActiveCfg = Release|Any CPU
		{344C97DB-7001-41D3-A1C2-EE8DEA422305}.Release|Any CPU.Build.0 = Release|Any CPU
		{344C97DB-7001-41D3-A1C2-EE8DEA422305}.Release|Any CPU.Deploy.0 = Release|Any CPU
		{344C97DB-7001-41D3-A1C2-EE8DEA422305}.Release|iPhone.ActiveCfg = Release|Any CPU
		{344C97DB-7001-41D3-A1C2-EE8DEA422305}.Release|iPhone.Build.0 = Release|Any CPU
		{344C97DB-7001-41D3-A1C2-EE8DEA422305}.Release|iPhone.Deploy.0 = Release|Any CPU
		{344C97DB-7001-41D3-A1C2-EE8DEA422305}.Release|iPhoneSimulator.ActiveCfg = Release|Any CPU
		{344C97DB-7001-41D3-A1C2-EE8DEA422305}.Release|iPhoneSimulator.Build.0 = Release|Any CPU
		{344C97DB-7001-41D3-A1C2-EE8DEA422305}.Release|iPhoneSimulator.Deploy.0 = Release|Any CPU
		{0ECC22DB-7D98-4D89-9964-84C67A3BCB37}.Debug|Any CPU.ActiveCfg = Debug|iPhone
		{0ECC22DB-7D98-4D89-9964-84C67A3BCB37}.Debug|Any CPU.Build.0 = Debug|iPhone
		{0ECC22DB-7D98-4D89-9964-84C67A3BCB37}.Debug|Any CPU.Deploy.0 = Debug|iPhone
		{0ECC22DB-7D98-4D89-9964-84C67A3BCB37}.Debug|iPhone.ActiveCfg = Debug|iPhone
		{0ECC22DB-7D98-4D89-9964-84C67A3BCB37}.Debug|iPhone.Build.0 = Debug|iPhone
		{0ECC22DB-7D98-4D89-9964-84C67A3BCB37}.Debug|iPhone.Deploy.0 = Debug|iPhone
		{0ECC22DB-7D98-4D89-9964-84C67A3BCB37}.Debug|iPhoneSimulator.ActiveCfg = Debug|iPhoneSimulator
		{0ECC22DB-7D98-4D89-9964-84C67A3BCB37}.Debug|iPhoneSimulator.Build.0 = Debug|iPhoneSimulator
		{0ECC22DB-7D98-4D89-9964-84C67A3BCB37}.Debug|iPhoneSimulator.Deploy.0 = Debug|iPhoneSimulator
		{0ECC22DB-7D98-4D89-9964-84C67A3BCB37}.Release|Any CPU.ActiveCfg = Release|iPhoneSimulator
		{0ECC22DB-7D98-4D89-9964-84C67A3BCB37}.Release|Any CPU.Build.0 = Release|iPhoneSimulator
		{0ECC22DB-7D98-4D89-9964-84C67A3BCB37}.Release|Any CPU.Deploy.0 = Release|iPhoneSimulator
		{0ECC22DB-7D98-4D89-9964-84C67A3BCB37}.Release|iPhone.ActiveCfg = Release|iPhone
		{0ECC22DB-7D98-4D89-9964-84C67A3BCB37}.Release|iPhone.Build.0 = Release|iPhone
		{0ECC22DB-7D98-4D89-9964-84C67A3BCB37}.Release|iPhone.Deploy.0 = Release|iPhone
		{0ECC22DB-7D98-4D89-9964-84C67A3BCB37}.Release|iPhoneSimulator.ActiveCfg = Release|iPhoneSimulator
		{0ECC22DB-7D98-4D89-9964-84C67A3BCB37}.Release|iPhoneSimulator.Build.0 = Release|iPhoneSimulator
		{0ECC22DB-7D98-4D89-9964-84C67A3BCB37}.Release|iPhoneSimulator.Deploy.0 = Release|iPhoneSimulator
		{D8F6426A-5828-4530-B4D4-A6DDF376E14F}.Debug|Any CPU.ActiveCfg = Debug|Any CPU
		{D8F6426A-5828-4530-B4D4-A6DDF376E14F}.Debug|Any CPU.Build.0 = Debug|Any CPU
		{D8F6426A-5828-4530-B4D4-A6DDF376E14F}.Debug|Any CPU.Deploy.0 = Debug|Any CPU
		{D8F6426A-5828-4530-B4D4-A6DDF376E14F}.Debug|iPhone.ActiveCfg = Debug|Any CPU
		{D8F6426A-5828-4530-B4D4-A6DDF376E14F}.Debug|iPhone.Build.0 = Debug|Any CPU
		{D8F6426A-5828-4530-B4D4-A6DDF376E14F}.Debug|iPhone.Deploy.0 = Debug|Any CPU
		{D8F6426A-5828-4530-B4D4-A6DDF376E14F}.Debug|iPhoneSimulator.ActiveCfg = Debug|Any CPU
		{D8F6426A-5828-4530-B4D4-A6DDF376E14F}.Debug|iPhoneSimulator.Build.0 = Debug|Any CPU
		{D8F6426A-5828-4530-B4D4-A6DDF376E14F}.Debug|iPhoneSimulator.Deploy.0 = Debug|Any CPU
		{D8F6426A-5828-4530-B4D4-A6DDF376E14F}.Release|Any CPU.ActiveCfg = Release|Any CPU
		{D8F6426A-5828-4530-B4D4-A6DDF376E14F}.Release|Any CPU.Build.0 = Release|Any CPU
		{D8F6426A-5828-4530-B4D4-A6DDF376E14F}.Release|Any CPU.Deploy.0 = Release|Any CPU
		{D8F6426A-5828-4530-B4D4-A6DDF376E14F}.Release|iPhone.ActiveCfg = Release|Any CPU
		{D8F6426A-5828-4530-B4D4-A6DDF376E14F}.Release|iPhone.Build.0 = Release|Any CPU
		{D8F6426A-5828-4530-B4D4-A6DDF376E14F}.Release|iPhone.Deploy.0 = Release|Any CPU
		{D8F6426A-5828-4530-B4D4-A6DDF376E14F}.Release|iPhoneSimulator.ActiveCfg = Release|Any CPU
		{D8F6426A-5828-4530-B4D4-A6DDF376E14F}.Release|iPhoneSimulator.Build.0 = Release|Any CPU
		{D8F6426A-5828-4530-B4D4-A6DDF376E14F}.Release|iPhoneSimulator.Deploy.0 = Release|Any CPU
	EndGlobalSection
	GlobalSection(SolutionProperties) = preSolution
		HideSolutionNode = FALSE
	EndGlobalSection
	GlobalSection(ExtensibilityGlobals) = postSolution
		SolutionGuid = {609FCC56-A284-4805-B419-054ED6C7E893}
	EndGlobalSection
EndGlobal
